
Microsoft Visual Studio Solution File, Format Version 12.00
# Visual Studio Version 17
VisualStudioVersion = 17.8.34316.72
MinimumVisualStudioVersion = 10.0.40219.1
Project("{2150E333-8FDC-42A3-9474-1A3956D46DE8}") = "src", "src", "{91A0EC48-CD8A-4CE4-A1A8-65C0B341E202}"
EndProject
Project("{2150E333-8FDC-42A3-9474-1A3956D46DE8}") = "Solution Items", "Solution Items", "{7B4049F9-7668-4A9B-B990-49285E30E951}"
	ProjectSection(SolutionItems) = preProject
		.gitignore = .gitignore
		README.md = README.md
	EndProjectSection
EndProject
Project("{2150E333-8FDC-42A3-9474-1A3956D46DE8}") = "Iac", "Iac", "{1D12B212-C835-4CB9-AA55-EBFF4C788CCD}"
EndProject
Project("{9A19103F-16F7-4668-BE54-9A1E7A4F7556}") = "iac-techchallenge05", "iac\iac-techchallenge05.csproj", "{D75C3A0C-B3AE-4414-8B94-4DD94F56522A}"
EndProject
Project("{9A19103F-16F7-4668-BE54-9A1E7A4F7556}") = "Domain", "src\Domain\Domain.csproj", "{C08C1E8A-E5C8-4B01-9B9C-50EEC5F09139}"
EndProject
Project("{9A19103F-16F7-4668-BE54-9A1E7A4F7556}") = "Infrastructure", "src\Infrastructure\Infrastructure.csproj", "{64061807-B7FA-4F34-B7BD-5AD94417190C}"
EndProject
Project("{9A19103F-16F7-4668-BE54-9A1E7A4F7556}") = "CreatedItemsConsumer", "src\Services\CreatedItemsConsumer\CreatedItemsConsumer.csproj", "{C7388491-3594-4A91-A687-26012996052F}"
EndProject
Project("{2150E333-8FDC-42A3-9474-1A3956D46DE8}") = "services", "services", "{1438A826-E960-4191-B359-305DBB08B2D2}"
EndProject
Project("{9A19103F-16F7-4668-BE54-9A1E7A4F7556}") = "ItemApi", "src\Services\ItemApi\ItemApi.csproj", "{63F31B32-BEDC-4176-8806-B011D22604B0}"
EndProject
Global
	GlobalSection(SolutionConfigurationPlatforms) = preSolution
		Debug|Any CPU = Debug|Any CPU
		Release|Any CPU = Release|Any CPU
	EndGlobalSection
	GlobalSection(ProjectConfigurationPlatforms) = postSolution
		{D75C3A0C-B3AE-4414-8B94-4DD94F56522A}.Debug|Any CPU.ActiveCfg = Debug|Any CPU
		{D75C3A0C-B3AE-4414-8B94-4DD94F56522A}.Debug|Any CPU.Build.0 = Debug|Any CPU
		{D75C3A0C-B3AE-4414-8B94-4DD94F56522A}.Release|Any CPU.ActiveCfg = Release|Any CPU
		{D75C3A0C-B3AE-4414-8B94-4DD94F56522A}.Release|Any CPU.Build.0 = Release|Any CPU
		{C08C1E8A-E5C8-4B01-9B9C-50EEC5F09139}.Debug|Any CPU.ActiveCfg = Debug|Any CPU
		{C08C1E8A-E5C8-4B01-9B9C-50EEC5F09139}.Debug|Any CPU.Build.0 = Debug|Any CPU
		{C08C1E8A-E5C8-4B01-9B9C-50EEC5F09139}.Release|Any CPU.ActiveCfg = Release|Any CPU
		{C08C1E8A-E5C8-4B01-9B9C-50EEC5F09139}.Release|Any CPU.Build.0 = Release|Any CPU
		{64061807-B7FA-4F34-B7BD-5AD94417190C}.Debug|Any CPU.ActiveCfg = Debug|Any CPU
		{64061807-B7FA-4F34-B7BD-5AD94417190C}.Debug|Any CPU.Build.0 = Debug|Any CPU
		{64061807-B7FA-4F34-B7BD-5AD94417190C}.Release|Any CPU.ActiveCfg = Release|Any CPU
		{64061807-B7FA-4F34-B7BD-5AD94417190C}.Release|Any CPU.Build.0 = Release|Any CPU
		{C7388491-3594-4A91-A687-26012996052F}.Debug|Any CPU.ActiveCfg = Debug|Any CPU
		{C7388491-3594-4A91-A687-26012996052F}.Debug|Any CPU.Build.0 = Debug|Any CPU
		{C7388491-3594-4A91-A687-26012996052F}.Release|Any CPU.ActiveCfg = Release|Any CPU
		{C7388491-3594-4A91-A687-26012996052F}.Release|Any CPU.Build.0 = Release|Any CPU
		{63F31B32-BEDC-4176-8806-B011D22604B0}.Debug|Any CPU.ActiveCfg = Debug|Any CPU
		{63F31B32-BEDC-4176-8806-B011D22604B0}.Debug|Any CPU.Build.0 = Debug|Any CPU
		{63F31B32-BEDC-4176-8806-B011D22604B0}.Release|Any CPU.ActiveCfg = Release|Any CPU
		{63F31B32-BEDC-4176-8806-B011D22604B0}.Release|Any CPU.Build.0 = Release|Any CPU
	EndGlobalSection
	GlobalSection(SolutionProperties) = preSolution
		HideSolutionNode = FALSE
	EndGlobalSection
	GlobalSection(NestedProjects) = preSolution
		{D75C3A0C-B3AE-4414-8B94-4DD94F56522A} = {1D12B212-C835-4CB9-AA55-EBFF4C788CCD}
		{C08C1E8A-E5C8-4B01-9B9C-50EEC5F09139} = {91A0EC48-CD8A-4CE4-A1A8-65C0B341E202}
		{64061807-B7FA-4F34-B7BD-5AD94417190C} = {91A0EC48-CD8A-4CE4-A1A8-65C0B341E202}
		{C7388491-3594-4A91-A687-26012996052F} = {1438A826-E960-4191-B359-305DBB08B2D2}
		{1438A826-E960-4191-B359-305DBB08B2D2} = {91A0EC48-CD8A-4CE4-A1A8-65C0B341E202}
		{63F31B32-BEDC-4176-8806-B011D22604B0} = {1438A826-E960-4191-B359-305DBB08B2D2}
	EndGlobalSection
	GlobalSection(ExtensibilityGlobals) = postSolution
		SolutionGuid = {E41F9A36-7044-497F-9202-28119DD4DE6E}
	EndGlobalSection
EndGlobal
